
Microsoft Visual Studio Solution File, Format Version 12.00
# Visual Studio 2012
Project("{FAE04EC0-301F-11D3-BF4B-00C04F79EFBC}") = "Sisventas", "Sisventas\Sisventas.csproj", "{CAC3B954-95DB-4CC8-A91C-DF34A83B11BA}"
EndProject
Project("{FAE04EC0-301F-11D3-BF4B-00C04F79EFBC}") = "CapaDatos", "CapaDatos\CapaDatos.csproj", "{4BB0E54C-4B01-4756-A02B-D212B6DA19C7}"
EndProject
Project("{FAE04EC0-301F-11D3-BF4B-00C04F79EFBC}") = "CapaNegocio", "CapaNegocio\CapaNegocio.csproj", "{2DAD7881-A559-4B73-B34B-0AAC98C801D4}"
EndProject
Project("{FAE04EC0-301F-11D3-BF4B-00C04F79EFBC}") = "CapaPresentacion", "CapaPresentacion\CapaPresentacion.csproj", "{DD2BCF99-C77F-4C01-90E4-D0C86327434A}"
EndProject
Global
	GlobalSection(SolutionConfigurationPlatforms) = preSolution
		Debug|Any CPU = Debug|Any CPU
		Release|Any CPU = Release|Any CPU
	EndGlobalSection
	GlobalSection(ProjectConfigurationPlatforms) = postSolution
		{CAC3B954-95DB-4CC8-A91C-DF34A83B11BA}.Debug|Any CPU.ActiveCfg = Debug|Any CPU
		{CAC3B954-95DB-4CC8-A91C-DF34A83B11BA}.Debug|Any CPU.Build.0 = Debug|Any CPU
		{CAC3B954-95DB-4CC8-A91C-DF34A83B11BA}.Release|Any CPU.ActiveCfg = Release|Any CPU
		{CAC3B954-95DB-4CC8-A91C-DF34A83B11BA}.Release|Any CPU.Build.0 = Release|Any CPU
		{4BB0E54C-4B01-4756-A02B-D212B6DA19C7}.Debug|Any CPU.ActiveCfg = Debug|Any CPU
		{4BB0E54C-4B01-4756-A02B-D212B6DA19C7}.Debug|Any CPU.Build.0 = Debug|Any CPU
		{4BB0E54C-4B01-4756-A02B-D212B6DA19C7}.Release|Any CPU.ActiveCfg = Release|Any CPU
		{4BB0E54C-4B01-4756-A02B-D212B6DA19C7}.Release|Any CPU.Build.0 = Release|Any CPU
		{2DAD7881-A559-4B73-B34B-0AAC98C801D4}.Debug|Any CPU.ActiveCfg = Debug|Any CPU
		{2DAD7881-A559-4B73-B34B-0AAC98C801D4}.Debug|Any CPU.Build.0 = Debug|Any CPU
		{2DAD7881-A559-4B73-B34B-0AAC98C801D4}.Release|Any CPU.ActiveCfg = Release|Any CPU
		{2DAD7881-A559-4B73-B34B-0AAC98C801D4}.Release|Any CPU.Build.0 = Release|Any CPU
		{DD2BCF99-C77F-4C01-90E4-D0C86327434A}.Debug|Any CPU.ActiveCfg = Debug|Any CPU
		{DD2BCF99-C77F-4C01-90E4-D0C86327434A}.Debug|Any CPU.Build.0 = Debug|Any CPU
		{DD2BCF99-C77F-4C01-90E4-D0C86327434A}.Release|Any CPU.ActiveCfg = Release|Any CPU
		{DD2BCF99-C77F-4C01-90E4-D0C86327434A}.Release|Any CPU.Build.0 = Release|Any CPU
	EndGlobalSection
	GlobalSection(SolutionProperties) = preSolution
		HideSolutionNode = FALSE
	EndGlobalSection
EndGlobal
